Microsoft Visual Studio Solution File, Format Version 11.00
# Visual Studio 2008

Project("{2262000C-F7B5-B069-5FC1-4B6DFCBF6A67}") = "BadIdeaGenerator", "Assembly-UnityScript.unityproj", "{664797C9-A081-13D9-FA6A-3C38DD29765B}"
EndProject
Global
	GlobalSection(SolutionConfigurationPlatforms) = preSolution
		Debug|Any CPU = Debug|Any CPU
		Release|Any CPU = Release|Any CPU
	EndGlobalSection
	GlobalSection(ProjectConfigurationPlatforms) = postSolution
		{664797C9-A081-13D9-FA6A-3C38DD29765B}.Debug|Any CPU.ActiveCfg = Debug|Any CPU
		{664797C9-A081-13D9-FA6A-3C38DD29765B}.Debug|Any CPU.Build.0 = Debug|Any CPU
		{664797C9-A081-13D9-FA6A-3C38DD29765B}.Release|Any CPU.ActiveCfg = Release|Any CPU
		{664797C9-A081-13D9-FA6A-3C38DD29765B}.Release|Any CPU.Build.0 = Release|Any CPU
	EndGlobalSection
	GlobalSection(SolutionProperties) = preSolution
		HideSolutionNode = FALSE
	EndGlobalSection
						GlobalSection(MonoDevelopProperties) = preSolution
		StartupItem = Assembly-CSharp.csproj
		Policies = $0
		$0.TextStylePolicy = $1
		$1.inheritsSet = null
		$1.scope = text/x-csharp
		$0.CSharpFormattingPolicy = $2
		$2.inheritsSet = Mono
		$2.inheritsScope = text/x-csharp
		$2.scope = text/x-csharp
		$0.TextStylePolicy = $3
		$3.FileWidth = 120
		$3.TabWidth = 4
		$3.EolMarker = Unix
		$3.inheritsSet = Mono
		$3.inheritsScope = text/plain
		$3.scope = text/plain
	EndGlobalSection

EndGlobal
